
Microsoft Visual Studio Solution File, Format Version 12.00
# Visual Studio Version 16
VisualStudioVersion = 16.0.30204.135
MinimumVisualStudioVersion = 10.0.40219.1
Project("{9A19103F-16F7-4668-BE54-9A1E7A4F7556}") = "AFORO255.MS.TEST.Security", "AFORO255.MS.TEST\AFORO255.MS.TEST.Security.csproj", "{33D1F6FD-E2B7-4969-8C38-DC110004ED85}"
EndProject
Project("{2150E333-8FDC-42A3-9474-1A3956D46DE8}") = "Projects", "Projects", "{3280D3F5-44B5-4D7E-88AD-C0080CBE2D44}"
EndProject
Project("{2150E333-8FDC-42A3-9474-1A3956D46DE8}") = "Cross", "Cross", "{5E4AE24E-E183-4653-9F83-3C884CAB22F8}"
EndProject
Project("{2150E333-8FDC-42A3-9474-1A3956D46DE8}") = "Gateway", "Gateway", "{F008588B-0785-4FE6-8A43-DA21F0D784FA}"
EndProject
Project("{2150E333-8FDC-42A3-9474-1A3956D46DE8}") = "Microservices", "Microservices", "{D0F84FB6-AEBF-47FA-87FA-CB95540ED779}"
EndProject
Project("{2150E333-8FDC-42A3-9474-1A3956D46DE8}") = "1.-Security", "1.-Security", "{F2173B76-DC8C-48CD-977E-0806513FB011}"
EndProject
Project("{2150E333-8FDC-42A3-9474-1A3956D46DE8}") = "2.-Invoice", "2.-Invoice", "{AEF04DA5-F191-4D83-92DB-2CA86D374862}"
EndProject
Project("{2150E333-8FDC-42A3-9474-1A3956D46DE8}") = "3.-Pay", "3.-Pay", "{820C5E88-2FA1-48C3-913D-DB047497B6AF}"
EndProject
Project("{2150E333-8FDC-42A3-9474-1A3956D46DE8}") = "4.-Transaction", "4.-Transaction", "{ED5CE9FA-F621-4F20-BCCC-DB3581BDF8EF}"
EndProject
Project("{9A19103F-16F7-4668-BE54-9A1E7A4F7556}") = "AFORO255.MS.TEST.Invoice", "AFORO255.MS.TEST.Invoice\AFORO255.MS.TEST.Invoice.csproj", "{AF2FF193-8EC5-4CB9-84CD-824B725CFD33}"
EndProject
Project("{9A19103F-16F7-4668-BE54-9A1E7A4F7556}") = "AFORO255.MS.TEST.Pay", "AFORO255.MS.TEST.Pay\AFORO255.MS.TEST.Pay.csproj", "{DED2E70E-06F8-40A0-B53B-DB9793089EEB}"
EndProject
Project("{9A19103F-16F7-4668-BE54-9A1E7A4F7556}") = "AFORO255.MS.TEST.Gateway", "AFORO255.MS.TEST.Gateway\AFORO255.MS.TEST.Gateway.csproj", "{8F507C01-885A-4487-9527-AE234D85DDA8}"
EndProject
Project("{9A19103F-16F7-4668-BE54-9A1E7A4F7556}") = "AFORO255.MS.TEST.Transaction", "AFORO255.MS.TEST.Transaction\AFORO255.MS.TEST.Transaction.csproj", "{45990430-6445-4386-945F-CB8AA771F3B7}"
EndProject
Project("{FAE04EC0-301F-11D3-BF4B-00C04F79EFBC}") = "AFORO255.MS.TEST.Cross.JWT", "AFORO255.MS.TEST.Cross.JWT\AFORO255.MS.TEST.Cross.JWT.csproj", "{D1D2CF24-95CA-4E04-A94B-34969EE3BA2E}"
EndProject
Project("{FAE04EC0-301F-11D3-BF4B-00C04F79EFBC}") = "AFORO255.MS.TEST.Common", "AFORO255.MS.TEST.Common\AFORO255.MS.TEST.Common.csproj", "{234B3E72-09F8-4EF0-9EE3-EF813785118A}"
EndProject
Project("{FAE04EC0-301F-11D3-BF4B-00C04F79EFBC}") = "AFORO255.MS.TEST.Cross.Proxy", "AFORO255.MS.TEST.Cross.Proxy\AFORO255.MS.TEST.Cross.Proxy.csproj", "{409D4676-E69C-4421-BDF9-7A41CEC129A9}"
EndProject
Project("{FAE04EC0-301F-11D3-BF4B-00C04F79EFBC}") = "AFORO255.MS.TEST.Cross.RabbitMQ", "AFORO255.MS.TEST.Cross.RabbitMQ\AFORO255.MS.TEST.Cross.RabbitMQ.csproj", "{F47CCE60-B05B-475E-A6CE-36CB25CA1E27}"
EndProject
Global
	GlobalSection(SolutionConfigurationPlatforms) = preSolution
		Debug|Any CPU = Debug|Any CPU
		Release|Any CPU = Release|Any CPU
	EndGlobalSection
	GlobalSection(ProjectConfigurationPlatforms) = postSolution
		{33D1F6FD-E2B7-4969-8C38-DC110004ED85}.Debug|Any CPU.ActiveCfg = Debug|Any CPU
		{33D1F6FD-E2B7-4969-8C38-DC110004ED85}.Debug|Any CPU.Build.0 = Debug|Any CPU
		{33D1F6FD-E2B7-4969-8C38-DC110004ED85}.Release|Any CPU.ActiveCfg = Release|Any CPU
		{33D1F6FD-E2B7-4969-8C38-DC110004ED85}.Release|Any CPU.Build.0 = Release|Any CPU
		{AF2FF193-8EC5-4CB9-84CD-824B725CFD33}.Debug|Any CPU.ActiveCfg = Debug|Any CPU
		{AF2FF193-8EC5-4CB9-84CD-824B725CFD33}.Debug|Any CPU.Build.0 = Debug|Any CPU
		{AF2FF193-8EC5-4CB9-84CD-824B725CFD33}.Release|Any CPU.ActiveCfg = Release|Any CPU
		{AF2FF193-8EC5-4CB9-84CD-824B725CFD33}.Release|Any CPU.Build.0 = Release|Any CPU
		{DED2E70E-06F8-40A0-B53B-DB9793089EEB}.Debug|Any CPU.ActiveCfg = Debug|Any CPU
		{DED2E70E-06F8-40A0-B53B-DB9793089EEB}.Debug|Any CPU.Build.0 = Debug|Any CPU
		{DED2E70E-06F8-40A0-B53B-DB9793089EEB}.Release|Any CPU.ActiveCfg = Release|Any CPU
		{DED2E70E-06F8-40A0-B53B-DB9793089EEB}.Release|Any CPU.Build.0 = Release|Any CPU
		{8F507C01-885A-4487-9527-AE234D85DDA8}.Debug|Any CPU.ActiveCfg = Debug|Any CPU
		{8F507C01-885A-4487-9527-AE234D85DDA8}.Debug|Any CPU.Build.0 = Debug|Any CPU
		{8F507C01-885A-4487-9527-AE234D85DDA8}.Release|Any CPU.ActiveCfg = Release|Any CPU
		{8F507C01-885A-4487-9527-AE234D85DDA8}.Release|Any CPU.Build.0 = Release|Any CPU
		{45990430-6445-4386-945F-CB8AA771F3B7}.Debug|Any CPU.ActiveCfg = Debug|Any CPU
		{45990430-6445-4386-945F-CB8AA771F3B7}.Debug|Any CPU.Build.0 = Debug|Any CPU
		{45990430-6445-4386-945F-CB8AA771F3B7}.Release|Any CPU.ActiveCfg = Release|Any CPU
		{45990430-6445-4386-945F-CB8AA771F3B7}.Release|Any CPU.Build.0 = Release|Any CPU
		{D1D2CF24-95CA-4E04-A94B-34969EE3BA2E}.Debug|Any CPU.ActiveCfg = Debug|Any CPU
		{D1D2CF24-95CA-4E04-A94B-34969EE3BA2E}.Debug|Any CPU.Build.0 = Debug|Any CPU
		{D1D2CF24-95CA-4E04-A94B-34969EE3BA2E}.Release|Any CPU.ActiveCfg = Release|Any CPU
		{D1D2CF24-95CA-4E04-A94B-34969EE3BA2E}.Release|Any CPU.Build.0 = Release|Any CPU
		{234B3E72-09F8-4EF0-9EE3-EF813785118A}.Debug|Any CPU.ActiveCfg = Debug|Any CPU
		{234B3E72-09F8-4EF0-9EE3-EF813785118A}.Debug|Any CPU.Build.0 = Debug|Any CPU
		{234B3E72-09F8-4EF0-9EE3-EF813785118A}.Release|Any CPU.ActiveCfg = Release|Any CPU
		{234B3E72-09F8-4EF0-9EE3-EF813785118A}.Release|Any CPU.Build.0 = Release|Any CPU
		{409D4676-E69C-4421-BDF9-7A41CEC129A9}.Debug|Any CPU.ActiveCfg = Debug|Any CPU
		{409D4676-E69C-4421-BDF9-7A41CEC129A9}.Debug|Any CPU.Build.0 = Debug|Any CPU
		{409D4676-E69C-4421-BDF9-7A41CEC129A9}.Release|Any CPU.ActiveCfg = Release|Any CPU
		{409D4676-E69C-4421-BDF9-7A41CEC129A9}.Release|Any CPU.Build.0 = Release|Any CPU
		{F47CCE60-B05B-475E-A6CE-36CB25CA1E27}.Debug|Any CPU.ActiveCfg = Debug|Any CPU
		{F47CCE60-B05B-475E-A6CE-36CB25CA1E27}.Debug|Any CPU.Build.0 = Debug|Any CPU
		{F47CCE60-B05B-475E-A6CE-36CB25CA1E27}.Release|Any CPU.ActiveCfg = Release|Any CPU
		{F47CCE60-B05B-475E-A6CE-36CB25CA1E27}.Release|Any CPU.Build.0 = Release|Any CPU
	EndGlobalSection
	GlobalSection(SolutionProperties) = preSolution
		HideSolutionNode = FALSE
	EndGlobalSection
	GlobalSection(NestedProjects) = preSolution
		{33D1F6FD-E2B7-4969-8C38-DC110004ED85} = {F2173B76-DC8C-48CD-977E-0806513FB011}
		{F008588B-0785-4FE6-8A43-DA21F0D784FA} = {3280D3F5-44B5-4D7E-88AD-C0080CBE2D44}
		{D0F84FB6-AEBF-47FA-87FA-CB95540ED779} = {3280D3F5-44B5-4D7E-88AD-C0080CBE2D44}
		{F2173B76-DC8C-48CD-977E-0806513FB011} = {D0F84FB6-AEBF-47FA-87FA-CB95540ED779}
		{AEF04DA5-F191-4D83-92DB-2CA86D374862} = {D0F84FB6-AEBF-47FA-87FA-CB95540ED779}
		{820C5E88-2FA1-48C3-913D-DB047497B6AF} = {D0F84FB6-AEBF-47FA-87FA-CB95540ED779}
		{ED5CE9FA-F621-4F20-BCCC-DB3581BDF8EF} = {D0F84FB6-AEBF-47FA-87FA-CB95540ED779}
		{AF2FF193-8EC5-4CB9-84CD-824B725CFD33} = {AEF04DA5-F191-4D83-92DB-2CA86D374862}
		{DED2E70E-06F8-40A0-B53B-DB9793089EEB} = {820C5E88-2FA1-48C3-913D-DB047497B6AF}
		{8F507C01-885A-4487-9527-AE234D85DDA8} = {F008588B-0785-4FE6-8A43-DA21F0D784FA}
		{45990430-6445-4386-945F-CB8AA771F3B7} = {ED5CE9FA-F621-4F20-BCCC-DB3581BDF8EF}
		{D1D2CF24-95CA-4E04-A94B-34969EE3BA2E} = {5E4AE24E-E183-4653-9F83-3C884CAB22F8}
		{234B3E72-09F8-4EF0-9EE3-EF813785118A} = {5E4AE24E-E183-4653-9F83-3C884CAB22F8}
		{409D4676-E69C-4421-BDF9-7A41CEC129A9} = {5E4AE24E-E183-4653-9F83-3C884CAB22F8}
		{F47CCE60-B05B-475E-A6CE-36CB25CA1E27} = {5E4AE24E-E183-4653-9F83-3C884CAB22F8}
	EndGlobalSection
	GlobalSection(ExtensibilityGlobals) = postSolution
		SolutionGuid = {B0EB1529-10A2-4E78-A20D-376191BAA9ED}
	EndGlobalSection
EndGlobal
